
Microsoft Visual Studio Solution File, Format Version 12.00
# Visual Studio 15
VisualStudioVersion = 15.0.28307.421
MinimumVisualStudioVersion = 10.0.40219.1
Project("{FAE04EC0-301F-11D3-BF4B-00C04F79EFBC}") = "AccessControlClient", "AccessControlClient\AccessControlClient.csproj", "{664AF977-0BB3-49CB-92FD-2F674B211C10}"
EndProject
Global
	GlobalSection(SolutionConfigurationPlatforms) = preSolution
		Debug|Any CPU = Debug|Any CPU
		Release|Any CPU = Release|Any CPU
	EndGlobalSection
	GlobalSection(ProjectConfigurationPlatforms) = postSolution
		{664AF977-0BB3-49CB-92FD-2F674B211C10}.Debug|Any CPU.ActiveCfg = Debug|Any CPU
		{664AF977-0BB3-49CB-92FD-2F674B211C10}.Debug|Any CPU.Build.0 = Debug|Any CPU
		{664AF977-0BB3-49CB-92FD-2F674B211C10}.Release|Any CPU.ActiveCfg = Release|Any CPU
		{664AF977-0BB3-49CB-92FD-2F674B211C10}.Release|Any CPU.Build.0 = Release|Any CPU
	EndGlobalSection
	GlobalSection(SolutionProperties) = preSolution
		HideSolutionNode = FALSE
	EndGlobalSection
	GlobalSection(ExtensibilityGlobals) = postSolution
		SolutionGuid = {F714C7D8-DCDD-43F6-8153-9E299990EE31}
	EndGlobalSection
EndGlobal
